
Microsoft Visual Studio Solution File, Format Version 11.00
# Visual Studio 2010
Project("{FAE04EC0-301F-11D3-BF4B-00C04F79EFBC}") = "JQuery Ajax", "JQuery Ajax\JQuery Ajax.csproj", "{9C5FAC66-FD51-45F3-9621-5FD6415EEFCD}"
EndProject
Global
	GlobalSection(SolutionConfigurationPlatforms) = preSolution
		Debug|Any CPU = Debug|Any CPU
		Release|Any CPU = Release|Any CPU
	EndGlobalSection
	GlobalSection(ProjectConfigurationPlatforms) = postSolution
		{9C5FAC66-FD51-45F3-9621-5FD6415EEFCD}.Debug|Any CPU.ActiveCfg = Debug|Any CPU
		{9C5FAC66-FD51-45F3-9621-5FD6415EEFCD}.Debug|Any CPU.Build.0 = Debug|Any CPU
		{9C5FAC66-FD51-45F3-9621-5FD6415EEFCD}.Release|Any CPU.ActiveCfg = Release|Any CPU
		{9C5FAC66-FD51-45F3-9621-5FD6415EEFCD}.Release|Any CPU.Build.0 = Release|Any CPU
	EndGlobalSection
	GlobalSection(SolutionProperties) = preSolution
		HideSolutionNode = FALSE
	EndGlobalSection
EndGlobal
