
Microsoft Visual Studio Solution File, Format Version 11.00
# Visual Studio 2010
Project("{FAE04EC0-301F-11D3-BF4B-00C04F79EFBC}") = "JQueryEvents", "JQueryEvents\JQueryEvents.csproj", "{DF1997AD-65F0-414A-AE96-93F4263A37B4}"
EndProject
Global
	GlobalSection(SolutionConfigurationPlatforms) = preSolution
		Debug|Any CPU = Debug|Any CPU
		Release|Any CPU = Release|Any CPU
	EndGlobalSection
	GlobalSection(ProjectConfigurationPlatforms) = postSolution
		{DF1997AD-65F0-414A-AE96-93F4263A37B4}.Debug|Any CPU.ActiveCfg = Debug|Any CPU
		{DF1997AD-65F0-414A-AE96-93F4263A37B4}.Debug|Any CPU.Build.0 = Debug|Any CPU
		{DF1997AD-65F0-414A-AE96-93F4263A37B4}.Release|Any CPU.ActiveCfg = Release|Any CPU
		{DF1997AD-65F0-414A-AE96-93F4263A37B4}.Release|Any CPU.Build.0 = Release|Any CPU
	EndGlobalSection
	GlobalSection(SolutionProperties) = preSolution
		HideSolutionNode = FALSE
	EndGlobalSection
EndGlobal
